
Microsoft Visual Studio Solution File, Format Version 12.00
# Visual Studio Version 16
VisualStudioVersion = 16.0.31005.135
MinimumVisualStudioVersion = 10.0.40219.1
Project("{FAE04EC0-301F-11D3-BF4B-00C04F79EFBC}") = "CreateIFCSurface", "CreateIFCSurface.csproj", "{7DE4C3F1-E76D-45B6-B82F-0798452FFE75}"
EndProject
Global
	GlobalSection(SolutionConfigurationPlatforms) = preSolution
		Debug|Any CPU = Debug|Any CPU
		Release|Any CPU = Release|Any CPU
	EndGlobalSection
	GlobalSection(ProjectConfigurationPlatforms) = postSolution
		{7DE4C3F1-E76D-45B6-B82F-0798452FFE75}.Debug|Any CPU.ActiveCfg = Debug|Any CPU
		{7DE4C3F1-E76D-45B6-B82F-0798452FFE75}.Debug|Any CPU.Build.0 = Debug|Any CPU
		{7DE4C3F1-E76D-45B6-B82F-0798452FFE75}.Release|Any CPU.ActiveCfg = Release|Any CPU
		{7DE4C3F1-E76D-45B6-B82F-0798452FFE75}.Release|Any CPU.Build.0 = Release|Any CPU
	EndGlobalSection
	GlobalSection(SolutionProperties) = preSolution
		HideSolutionNode = FALSE
	EndGlobalSection
	GlobalSection(ExtensibilityGlobals) = postSolution
		SolutionGuid = {69F0C8E0-AC24-48B5-840A-ACAED79D9009}
	EndGlobalSection
EndGlobal
